
Microsoft Visual Studio Solution File, Format Version 12.00
# Visual Studio Version 16
VisualStudioVersion = 16.0.31911.196
MinimumVisualStudioVersion = 10.0.40219.1
Project("{FAE04EC0-301F-11D3-BF4B-00C04F79EFBC}") = "CsharpRefSample", "CsharpRefSample\CsharpRefSample.csproj", "{6672858F-168F-4EF0-B308-8B5CD1BE56EA}"
EndProject
Global
	GlobalSection(SolutionConfigurationPlatforms) = preSolution
		Debug|Any CPU = Debug|Any CPU
		Release|Any CPU = Release|Any CPU
	EndGlobalSection
	GlobalSection(ProjectConfigurationPlatforms) = postSolution
		{6672858F-168F-4EF0-B308-8B5CD1BE56EA}.Debug|Any CPU.ActiveCfg = Debug|Any CPU
		{6672858F-168F-4EF0-B308-8B5CD1BE56EA}.Debug|Any CPU.Build.0 = Debug|Any CPU
		{6672858F-168F-4EF0-B308-8B5CD1BE56EA}.Release|Any CPU.ActiveCfg = Release|Any CPU
		{6672858F-168F-4EF0-B308-8B5CD1BE56EA}.Release|Any CPU.Build.0 = Release|Any CPU
	EndGlobalSection
	GlobalSection(SolutionProperties) = preSolution
		HideSolutionNode = FALSE
	EndGlobalSection
	GlobalSection(ExtensibilityGlobals) = postSolution
		SolutionGuid = {AC3321A3-1735-42AF-9A3B-9840F86FD924}
	EndGlobalSection
EndGlobal
